
Microsoft Visual Studio Solution File, Format Version 12.00
# Visual Studio Version 17
VisualStudioVersion = 17.8.34511.84
MinimumVisualStudioVersion = 10.0.40219.1
Project("{FAE04EC0-301F-11D3-BF4B-00C04F79EFBC}") = "MvcMovie", "MvcMovie.csproj", "{5198D3B7-CA31-4FBE-A830-7E308C56E547}"
EndProject
Global
	GlobalSection(SolutionConfigurationPlatforms) = preSolution
		Debug|Any CPU = Debug|Any CPU
		Release|Any CPU = Release|Any CPU
	EndGlobalSection
	GlobalSection(ProjectConfigurationPlatforms) = postSolution
		{5198D3B7-CA31-4FBE-A830-7E308C56E547}.Debug|Any CPU.ActiveCfg = Debug|Any CPU
		{5198D3B7-CA31-4FBE-A830-7E308C56E547}.Debug|Any CPU.Build.0 = Debug|Any CPU
		{5198D3B7-CA31-4FBE-A830-7E308C56E547}.Release|Any CPU.ActiveCfg = Release|Any CPU
		{5198D3B7-CA31-4FBE-A830-7E308C56E547}.Release|Any CPU.Build.0 = Release|Any CPU
	EndGlobalSection
	GlobalSection(SolutionProperties) = preSolution
		HideSolutionNode = FALSE
	EndGlobalSection
	GlobalSection(ExtensibilityGlobals) = postSolution
		SolutionGuid = {827F72F5-D4EC-4A57-8032-C885ADB2ADE7}
	EndGlobalSection
EndGlobal
